
Microsoft Visual Studio Solution File, Format Version 12.00
# Visual Studio Version 16
VisualStudioVersion = 16.0.31205.134
MinimumVisualStudioVersion = 10.0.40219.1
Project("{FAE04EC0-301F-11D3-BF4B-00C04F79EFBC}") = "Quanlygiaydepca2", "Quanlygiaydepca2\Quanlygiaydepca2.csproj", "{64EC2A98-055D-4BB4-BCB9-FB9661CC0D80}"
EndProject
Global
	GlobalSection(SolutionConfigurationPlatforms) = preSolution
		Debug|Any CPU = Debug|Any CPU
		Release|Any CPU = Release|Any CPU
	EndGlobalSection
	GlobalSection(ProjectConfigurationPlatforms) = postSolution
		{64EC2A98-055D-4BB4-BCB9-FB9661CC0D80}.Debug|Any CPU.ActiveCfg = Debug|Any CPU
		{64EC2A98-055D-4BB4-BCB9-FB9661CC0D80}.Debug|Any CPU.Build.0 = Debug|Any CPU
		{64EC2A98-055D-4BB4-BCB9-FB9661CC0D80}.Release|Any CPU.ActiveCfg = Release|Any CPU
		{64EC2A98-055D-4BB4-BCB9-FB9661CC0D80}.Release|Any CPU.Build.0 = Release|Any CPU
	EndGlobalSection
	GlobalSection(SolutionProperties) = preSolution
		HideSolutionNode = FALSE
	EndGlobalSection
	GlobalSection(ExtensibilityGlobals) = postSolution
		SolutionGuid = {5F070BF0-1062-4BF0-8022-DA58AC46B70D}
	EndGlobalSection
EndGlobal
